PODS:
  - Alamofire (4.8.2)
  - GDGauge (1.1.4)
  - LinearProgressBar (1.0.1)

DEPENDENCIES:
  - Alamofire (~> 4.7)
  - GDGauge
  - LinearProgressBar

SPEC REPOS:
  https://github.com/cocoapods/specs.git:
    - Alamofire
    - GDGauge
    - LinearProgressBar

SPEC CHECKSUMS:
  Alamofire: ae5c501addb7afdbb13687d7f2f722c78734c2d3
  GDGauge: 645ee6933c6f95289e43ef93259a5788713e7010
  LinearProgressBar: f6a74dbabed229dbb1a7978089e2e4317a3a0ee0

PODFILE CHECKSUM: b508dcd57a81970b59fe77619b2b63bc671c4b7b

COCOAPODS: 1.6.1
